// !$*UTF8*$!
{
	archiveVersion = 1;
	classes = {
	};
	objectVersion = 55;
	objects = {

/* Begin PBXBuildFile section */
		4E6720A4270D76BF0062428D /* AppDelegate.swift in Sources */ = {isa = PBXBuildFile; fileRef = 4E6720A3270D76BF0062428D /* AppDelegate.swift */; };
		4E6720A6270D76BF0062428D /* SceneDelegate.swift in Sources */ = {isa = PBXBuildFile; fileRef = 4E6720A5270D76BF0062428D /* SceneDelegate.swift */; };
		4E6720A8270D76BF0062428D /* ViewController.swift in Sources */ = {isa = PBXBuildFile; fileRef = 4E6720A7270D76BF0062428D /* ViewController.swift */; };
		4E6720AB270D76BF0062428D /* Main.storyboard in Resources */ = {isa = PBXBuildFile; fileRef = 4E6720A9270D76BF0062428D /* Main.storyboard */; };
		4E6720AD270D76C00062428D /* Assets.xcassets in Resources */ = {isa = PBXBuildFile; fileRef = 4E6720AC270D76C00062428D /* Assets.xcassets */; };
		4E6720B0270D76C00062428D /* LaunchScreen.storyboard in Resources */ = {isa = PBXBuildFile; fileRef = 4E6720AE270D76C00062428D /* LaunchScreen.storyboard */; };
		4E6720BB270D76C00062428D /* Segues_NavsTests.swift in Sources */ = {isa = PBXBuildFile; fileRef = 4E6720BA270D76C00062428D /* Segues_NavsTests.swift */; };
		4E6720C5270D76C00062428D /* Segues_NavsUITests.swift in Sources */ = {isa = PBXBuildFile; fileRef = 4E6720C4270D76C00062428D /* Segues_NavsUITests.swift */; };
		4E6720C7270D76C00062428D /* Segues_NavsUITestsLaunchTests.swift in Sources */ = {isa = PBXBuildFile; fileRef = 4E6720C6270D76C00062428D /* Segues_NavsUITestsLaunchTests.swift */; };
		4E6720D6270D87700062428D /* SecondViewController.swift in Sources */ = {isa = PBXBuildFile; fileRef = 4E6720D5270D87700062428D /* SecondViewController.swift */; };
/* End PBXBuildFile section */

/* Begin PBXContainerItemProxy section */
		4E6720B7270D76C00062428D /* PBXContainerItemProxy */ = {
			isa = PBXContainerItemProxy;
			containerPortal = 4E672098270D76BF0062428D /* Project object */;
			proxyType = 1;
			remoteGlobalIDString = 4E67209F270D76BF0062428D;
			remoteInfo = "Segues&Navs";
		};
		4E6720C1270D76C00062428D /* PBXContainerItemProxy */ = {
			isa = PBXContainerItemProxy;
			containerPortal = 4E672098270D76BF0062428D /* Project object */;
			proxyType = 1;
			remoteGlobalIDString = 4E67209F270D76BF0062428D;
			remoteInfo = "Segues&Navs";
		};
/* End PBXContainerItemProxy section */

/* Begin PBXFileReference section */
		4E6720A0270D76BF0062428D /* Segues&Navs.app */ = {isa = PBXFileReference; explicitFileType = wrapper.application; includeInIndex = 0; path = "Segues&Navs.app"; sourceTree = BUILT_PRODUCTS_DIR; };
		4E6720A3270D76BF0062428D /* AppDelegate.swift */ = {isa = PBXFileReference; lastKnownFileType = sourcecode.swift; path = AppDelegate.swift; sourceTree = "<group>"; };
		4E6720A5270D76BF0062428D /* SceneDelegate.swift */ = {isa = PBXFileReference; lastKnownFileType = sourcecode.swift; path = SceneDelegate.swift; sourceTree = "<group>"; };
		4E6720A7270D76BF0062428D /* ViewController.swift */ = {isa = PBXFileReference; lastKnownFileType = sourcecode.swift; path = ViewController.swift; sourceTree = "<group>"; };
		4E6720AA270D76BF0062428D /* Base */ = {isa = PBXFileReference; lastKnownFileType = file.storyboard; name = Base; path = Base.lproj/Main.storyboard; sourceTree = "<group>"; };
		4E6720AC270D76C00062428D /* Assets.xcassets */ = {isa = PBXFileReference; lastKnownFileType = folder.assetcatalog; path = Assets.xcassets; sourceTree = "<group>"; };
		4E6720AF270D76C00062428D /* Base */ = {isa = PBXFileReference; lastKnownFileType = file.storyboard; name = Base; path = Base.lproj/LaunchScreen.storyboard; sourceTree = "<group>"; };
		4E6720B1270D76C00062428D /* Info.plist */ = {isa = PBXFileReference; lastKnownFileType = text.plist.xml; path = Info.plist; sourceTree = "<group>"; };
		4E6720B6270D76C00062428D /* Segues&NavsTests.xctest */ = {isa = PBXFileReference; explicitFileType = wrapper.cfbundle; includeInIndex = 0; path = "Segues&NavsTests.xctest"; sourceTree = BUILT_PRODUCTS_DIR; };
		4E6720BA270D76C00062428D /* Segues_NavsTests.swift */ = {isa = PBXFileReference; lastKnownFileType = sourcecode.swift; path = Segues_NavsTests.swift; sourceTree = "<group>"; };
		4E6720C0270D76C00062428D /* Segues&NavsUITests.xctest */ = {isa = PBXFileReference; explicitFileType = wrapper.cfbundle; includeInIndex = 0; path = "Segues&NavsUITests.xctest"; sourceTree = BUILT_PRODUCTS_DIR; };
		4E6720C4270D76C00062428D /* Segues_NavsUITests.swift */ = {isa = PBXFileReference; lastKnownFileType = sourcecode.swift; path = Segues_NavsUITests.swift; sourceTree = "<group>"; };
		4E6720C6270D76C00062428D /* Segues_NavsUITestsLaunchTests.swift */ = {isa = PBXFileReference; lastKnownFileType = sourcecode.swift; path = Segues_NavsUITestsLaunchTests.swift; sourceTree = "<group>"; };
		4E6720D5270D87700062428D /* SecondViewController.swift */ = {isa = PBXFileReference; lastKnownFileType = sourcecode.swift; path = SecondViewController.swift; sourceTree = "<group>"; };
/* End PBXFileReference section */

/* Begin PBXFrameworksBuildPhase section */
		4E67209D270D76BF0062428D /* Frameworks */ = {
			isa = PBXFrameworksBuildPhase;
			buildActionMask = 2147483647;
			files = (
			);
			runOnlyForDeploymentPostprocessing = 0;
		};
		4E6720B3270D76C00062428D /* Frameworks */ = {
			isa = PBXFrameworksBuildPhase;
			buildActionMask = 2147483647;
			files = (
			);
			runOnlyForDeploymentPostprocessing = 0;
		};
		4E6720BD270D76C00062428D /* Frameworks */ = {
			isa = PBXFrameworksBuildPhase;
			buildActionMask = 2147483647;
			files = (
			);
			runOnlyForDeploymentPostprocessing = 0;
		};
/* End PBXFrameworksBuildPhase section */

/* Begin PBXGroup section */
		4E672097270D76BF0062428D = {
			isa = PBXGroup;
			children = (
				4E6720A2270D76BF0062428D /* Segues&Navs */,
				4E6720B9270D76C00062428D /* Segues&NavsTests */,
				4E6720C3270D76C00062428D /* Segues&NavsUITests */,
				4E6720A1270D76BF0062428D /* Products */,
			);
			sourceTree = "<group>";
		};
		4E6720A1270D76BF0062428D /* Products */ = {
			isa = PBXGroup;
			children = (
				4E6720A0270D76BF0062428D /* Segues&Navs.app */,
				4E6720B6270D76C00062428D /* Segues&NavsTests.xctest */,
				4E6720C0270D76C00062428D /* Segues&NavsUITests.xctest */,
			);
			name = Products;
			sourceTree = "<group>";
		};
		4E6720A2270D76BF0062428D /* Segues&Navs */ = {
			isa = PBXGroup;
			children = (
				4E6720A3270D76BF0062428D /* AppDelegate.swift */,
				4E6720A5270D76BF0062428D /* SceneDelegate.swift */,
				4E6720A7270D76BF0062428D /* ViewController.swift */,
				4E6720D5270D87700062428D /* SecondViewController.swift */,
				4E6720A9270D76BF0062428D /* Main.storyboard */,
				4E6720AC270D76C00062428D /* Assets.xcassets */,
				4E6720AE270D76C00062428D /* LaunchScreen.storyboard */,
				4E6720B1270D76C00062428D /* Info.plist */,
			);
			path = "Segues&Navs";
			sourceTree = "<group>";
		};
		4E6720B9270D76C00062428D /* Segues&NavsTests */ = {
			isa = PBXGroup;
			children = (
				4E6720BA270D76C00062428D /* Segues_NavsTests.swift */,
			);
			path = "Segues&NavsTests";
			sourceTree = "<group>";
		};
		4E6720C3270D76C00062428D /* Segues&NavsUITests */ = {
			isa = PBXGroup;
			children = (
				4E6720C4270D76C00062428D /* Segues_NavsUITests.swift */,
				4E6720C6270D76C00062428D /* Segues_NavsUITestsLaunchTests.swift */,
			);
			path = "Segues&NavsUITests";
			sourceTree = "<group>";
		};
/* End PBXGroup section */

/* Begin PBXNativeTarget section */
		4E67209F270D76BF0062428D /* Segues&Navs */ = {
			isa = PBXNativeTarget;
			buildConfigurationList = 4E6720CA270D76C00062428D /* Build configuration list for PBXNativeTarget "Segues&Navs" */;
			buildPhases = (
				4E67209C270D76BF0062428D /* Sources */,
				4E67209D270D76BF0062428D /* Frameworks */,
				4E67209E270D76BF0062428D /* Resources */,
			);
			buildRules = (
			);
			dependencies = (
			);
			name = "Segues&Navs";
			productName = "Segues&Navs";
			productReference = 4E6720A0270D76BF0062428D /* Segues&Navs.app */;
			productType = "com.apple.product-type.application";
		};
		4E6720B5270D76C00062428D /* Segues&NavsTests */ = {
			isa = PBXNativeTarget;
			buildConfigurationList = 4E6720CD270D76C00062428D /* Build configuration list for PBXNativeTarget "Segues&NavsTests" */;
			buildPhases = (
				4E6720B2270D76C00062428D /* Sources */,
				4E6720B3270D76C00062428D /* Frameworks */,
				4E6720B4270D76C00062428D /* Resources */,
			);
			buildRules = (
			);
			dependencies = (
				4E6720B8270D76C00062428D /* PBXTargetDependency */,
			);
			name = "Segues&NavsTests";
			productName = "Segues&NavsTests";
			productReference = 4E6720B6270D76C00062428D /* Segues&NavsTests.xctest */;
			productType = "com.apple.product-type.bundle.unit-test";
		};
		4E6720BF270D76C00062428D /* Segues&NavsUITests */ = {
			isa = PBXNativeTarget;
			buildConfigurationList = 4E6720D0270D76C00062428D /* Build configuration list for PBXNativeTarget "Segues&NavsUITests" */;
			buildPhases = (
				4E6720BC270D76C00062428D /* Sources */,
				4E6720BD270D76C00062428D /* Frameworks */,
				4E6720BE270D76C00062428D /* Resources */,
			);
			buildRules = (
			);
			dependencies = (
				4E6720C2270D76C00062428D /* PBXTargetDependency */,
			);
			name = "Segues&NavsUITests";
			productName = "Segues&NavsUITests";
			productReference = 4E6720C0270D76C00062428D /* Segues&NavsUITests.xctest */;
			productType = "com.apple.product-type.bundle.ui-testing";
		};
/* End PBXNativeTarget section */

/* Begin PBXProject section */
		4E672098270D76BF0062428D /* Project object */ = {
			isa = PBXProject;
			attributes = {
				BuildIndependentTargetsInParallel = 1;
				LastSwiftUpdateCheck = 1300;
				LastUpgradeCheck = 1300;
				TargetAttributes = {
					4E67209F270D76BF0062428D = {
						CreatedOnToolsVersion = 13.0;
					};
					4E6720B5270D76C00062428D = {
						CreatedOnToolsVersion = 13.0;
						TestTargetID = 4E67209F270D76BF0062428D;
					};
					4E6720BF270D76C00062428D = {
						CreatedOnToolsVersion = 13.0;
						TestTargetID = 4E67209F270D76BF0062428D;
					};
				};
			};
			buildConfigurationList = 4E67209B270D76BF0062428D /* Build configuration list for PBXProject "Segues&Navs" */;
			compatibilityVersion = "Xcode 13.0";
			developmentRegion = en;
			hasScannedForEncodings = 0;
			knownRegions = (
				en,
				Base,
			);
			mainGroup = 4E672097270D76BF0062428D;
			productRefGroup = 4E6720A1270D76BF0062428D /* Products */;
			projectDirPath = "";
			projectRoot = "";
			targets = (
				4E67209F270D76BF0062428D /* Segues&Navs */,
				4E6720B5270D76C00062428D /* Segues&NavsTests */,
				4E6720BF270D76C00062428D /* Segues&NavsUITests */,
			);
		};
/* End PBXProject section */

/* Begin PBXResourcesBuildPhase section */
		4E67209E270D76BF0062428D /* Resources */ = {
			isa = PBXResourcesBuildPhase;
			buildActionMask = 2147483647;
			files = (
				4E6720B0270D76C00062428D /* LaunchScreen.storyboard in Resources */,
				4E6720AD270D76C00062428D /* Assets.xcassets in Resources */,
				4E6720AB270D76BF0062428D /* Main.storyboard in Resources */,
			);
			runOnlyForDeploymentPostprocessing = 0;
		};
		4E6720B4270D76C00062428D /* Resources */ = {
			isa = PBXResourcesBuildPhase;
			buildActionMask = 2147483647;
			files = (
			);
			runOnlyForDeploymentPostprocessing = 0;
		};
		4E6720BE270D76C00062428D /* Resources */ = {
			isa = PBXResourcesBuildPhase;
			buildActionMask = 2147483647;
			files = (
			);
			runOnlyForDeploymentPostprocessing = 0;
		};
/* End PBXResourcesBuildPhase section */

/* Begin PBXSourcesBuildPhase section */
		4E67209C270D76BF0062428D /* Sources */ = {
			isa = PBXSourcesBuildPhase;
			buildActionMask = 2147483647;
			files = (
				4E6720D6270D87700062428D /* SecondViewController.swift in Sources */,
				4E6720A8270D76BF0062428D /* ViewController.swift in Sources */,
				4E6720A4270D76BF0062428D /* AppDelegate.swift in Sources */,
				4E6720A6270D76BF0062428D /* SceneDelegate.swift in Sources */,
			);
			runOnlyForDeploymentPostprocessing = 0;
		};
		4E6720B2270D76C00062428D /* Sources */ = {
			isa = PBXSourcesBuildPhase;
			buildActionMask = 2147483647;
			files = (
				4E6720BB270D76C00062428D /* Segues_NavsTests.swift in Sources */,
			);
			runOnlyForDeploymentPostprocessing = 0;
		};
		4E6720BC270D76C00062428D /* Sources */ = {
			isa = PBXSourcesBuildPhase;
			buildActionMask = 2147483647;
			files = (
				4E6720C7270D76C00062428D /* Segues_NavsUITestsLaunchTests.swift in Sources */,
				4E6720C5270D76C00062428D /* Segues_NavsUITests.swift in Sources */,
			);
			runOnlyForDeploymentPostprocessing = 0;
		};
/* End PBXSourcesBuildPhase section */

/* Begin PBXTargetDependency section */
		4E6720B8270D76C00062428D /* PBXTargetDependency */ = {
			isa = PBXTargetDependency;
			target = 4E67209F270D76BF0062428D /* Segues&Navs */;
			targetProxy = 4E6720B7270D76C00062428D /* PBXContainerItemProxy */;
		};
		4E6720C2270D76C00062428D /* PBXTargetDependency */ = {
			isa = PBXTargetDependency;
			target = 4E67209F270D76BF0062428D /* Segues&Navs */;
			targetProxy = 4E6720C1270D76C00062428D /* PBXContainerItemProxy */;
		};
/* End PBXTargetDependency section */

/* Begin PBXVariantGroup section */
		4E6720A9270D76BF0062428D /* Main.storyboard */ = {
			isa = PBXVariantGroup;
			children = (
				4E6720AA270D76BF0062428D /* Base */,
			);
			name = Main.storyboard;
			sourceTree = "<group>";
		};
		4E6720AE270D76C00062428D /* LaunchScreen.storyboard */ = {
			isa = PBXVariantGroup;
			children = (
				4E6720AF270D76C00062428D /* Base */,
			);
			name = LaunchScreen.storyboard;
			sourceTree = "<group>";
		};
/* End PBXVariantGroup section */

/* Begin XCBuildConfiguration section */
		4E6720C8270D76C00062428D /* Debug */ = {
			isa = XCBuildConfiguration;
			buildSettings = {
				ALWAYS_SEARCH_USER_PATHS = NO;
				CLANG_ANALYZER_NONNULL = YES;
				CLANG_ANALYZER_NUMBER_OBJECT_CONVERSION = YES_AGGRESSIVE;
				CLANG_CXX_LANGUAGE_STANDARD = "gnu++17";
				CLANG_CXX_LIBRARY = "libc++";
				CLANG_ENABLE_MODULES = YES;
				CLANG_ENABLE_OBJC_ARC = YES;
				CLANG_ENABLE_OBJC_WEAK = YES;
				CLANG_WARN_BLOCK_CAPTURE_AUTORELEASING = YES;
				CLANG_WARN_BOOL_CONVERSION = YES;
				CLANG_WARN_COMMA = YES;
				CLANG_WARN_CONSTANT_CONVERSION = YES;
				CLANG_WARN_DEPRECATED_OBJC_IMPLEMENTATIONS = YES;
				CLANG_WARN_DIRECT_OBJC_ISA_USAGE = YES_ERROR;
				CLANG_WARN_DOCUMENTATION_COMMENTS = YES;
				CLANG_WARN_EMPTY_BODY = YES;
				CLANG_WARN_ENUM_CONVERSION = YES;
				CLANG_WARN_INFINITE_RECURSION = YES;
				CLANG_WARN_INT_CONVERSION = YES;
				CLANG_WARN_NON_LITERAL_NULL_CONVERSION = YES;
				CLANG_WARN_OBJC_IMPLICIT_RETAIN_SELF = YES;
				CLANG_WARN_OBJC_LITERAL_CONVERSION = YES;
				CLANG_WARN_OBJC_ROOT_CLASS = YES_ERROR;
				CLANG_WARN_QUOTED_INCLUDE_IN_FRAMEWORK_HEADER = YES;
				CLANG_WARN_RANGE_LOOP_ANALYSIS = YES;
				CLANG_WARN_STRICT_PROTOTYPES = YES;
				CLANG_WARN_SUSPICIOUS_MOVE = YES;
				CLANG_WARN_UNGUARDED_AVAILABILITY = YES_AGGRESSIVE;
				CLANG_WARN_UNREACHABLE_CODE = YES;
				CLANG_WARN__DUPLICATE_METHOD_MATCH = YES;
				COPY_PHASE_STRIP = NO;
				DEBUG_INFORMATION_FORMAT = dwarf;
				ENABLE_STRICT_OBJC_MSGSEND = YES;
				ENABLE_TESTABILITY = YES;
				GCC_C_LANGUAGE_STANDARD = gnu11;
				GCC_DYNAMIC_NO_PIC = NO;
				GCC_NO_COMMON_BLOCKS = YES;
				GCC_OPTIMIZATION_LEVEL = 0;
				GCC_PREPROCESSOR_DEFINITIONS = (
					"DEBUG=1",
					"$(inherited)",
				);
				GCC_WARN_64_TO_32_BIT_CONVERSION = YES;
				GCC_WARN_ABOUT_RETURN_TYPE = YES_ERROR;
				GCC_WARN_UNDECLARED_SELECTOR = YES;
				GCC_WARN_UNINITIALIZED_AUTOS = YES_AGGRESSIVE;
				GCC_WARN_UNUSED_FUNCTION = YES;
				GCC_WARN_UNUSED_VARIABLE = YES;
				IPHONEOS_DEPLOYMENT_TARGET = 15.0;
				MTL_ENABLE_DEBUG_INFO = INCLUDE_SOURCE;
				MTL_FAST_MATH = YES;
				ONLY_ACTIVE_ARCH = YES;
				SDKROOT = iphoneos;
				SWIFT_ACTIVE_COMPILATION_CONDITIONS = DEBUG;
				SWIFT_OPTIMIZATION_LEVEL = "-Onone";
			};
			name = Debug;
		};
		4E6720C9270D76C00062428D /* Release */ = {
			isa = XCBuildConfiguration;
			buildSettings = {
				ALWAYS_SEARCH_USER_PATHS = NO;
				CLANG_ANALYZER_NONNULL = YES;
				CLANG_ANALYZER_NUMBER_OBJECT_CONVERSION = YES_AGGRESSIVE;
				CLANG_CXX_LANGUAGE_STANDARD = "gnu++17";
				CLANG_CXX_LIBRARY = "libc++";
				CLANG_ENABLE_MODULES = YES;
				CLANG_ENABLE_OBJC_ARC = YES;
				CLANG_ENABLE_OBJC_WEAK = YES;
				CLANG_WARN_BLOCK_CAPTURE_AUTORELEASING = YES;
				CLANG_WARN_BOOL_CONVERSION = YES;
				CLANG_WARN_COMMA = YES;
				CLANG_WARN_CONSTANT_CONVERSION = YES;
				CLANG_WARN_DEPRECATED_OBJC_IMPLEMENTATIONS = YES;
				CLANG_WARN_DIRECT_OBJC_ISA_USAGE = YES_ERROR;
				CLANG_WARN_DOCUMENTATION_COMMENTS = YES;
				CLANG_WARN_EMPTY_BODY = YES;
				CLANG_WARN_ENUM_CONVERSION = YES;
				CLANG_WARN_INFINITE_RECURSION = YES;
				CLANG_WARN_INT_CONVERSION = YES;
				CLANG_WARN_NON_LITERAL_NULL_CONVERSION = YES;
				CLANG_WARN_OBJC_IMPLICIT_RETAIN_SELF = YES;
				CLANG_WARN_OBJC_LITERAL_CONVERSION = YES;
				CLANG_WARN_OBJC_ROOT_CLASS = YES_ERROR;
				CLANG_WARN_QUOTED_INCLUDE_IN_FRAMEWORK_HEADER = YES;
				CLANG_WARN_RANGE_LOOP_ANALYSIS = YES;
				CLANG_WARN_STRICT_PROTOTYPES = YES;
				CLANG_WARN_SUSPICIOUS_MOVE = YES;
				CLANG_WARN_UNGUARDED_AVAILABILITY = YES_AGGRESSIVE;
				CLANG_WARN_UNREACHABLE_CODE = YES;
				CLANG_WARN__DUPLICATE_METHOD_MATCH = YES;
				COPY_PHASE_STRIP = NO;
				DEBUG_INFORMATION_FORMAT = "dwarf-with-dsym";
				ENABLE_NS_ASSERTIONS = NO;
				ENABLE_STRICT_OBJC_MSGSEND = YES;
				GCC_C_LANGUAGE_STANDARD = gnu11;
				GCC_NO_COMMON_BLOCKS = YES;
				GCC_WARN_64_TO_32_BIT_CONVERSION = YES;
				GCC_WARN_ABOUT_RETURN_TYPE = YES_ERROR;
				GCC_WARN_UNDECLARED_SELECTOR = YES;
				GCC_WARN_UNINITIALIZED_AUTOS = YES_AGGRESSIVE;
				GCC_WARN_UNUSED_FUNCTION = YES;
				GCC_WARN_UNUSED_VARIABLE = YES;
				IPHONEOS_DEPLOYMENT_TARGET = 15.0;
				MTL_ENABLE_DEBUG_INFO = NO;
				MTL_FAST_MATH = YES;
				SDKROOT = iphoneos;
				SWIFT_COMPILATION_MODE = wholemodule;
				SWIFT_OPTIMIZATION_LEVEL = "-O";
				VALIDATE_PRODUCT = YES;
			};
			name = Release;
		};
		4E6720CB270D76C00062428D /* Debug */ = {
			isa = XCBuildConfiguration;
			buildSettings = {
				ASSETCATALOG_COMPILER_APPICON_NAME = AppIcon;
				ASSETCATALOG_COMPILER_GLOBAL_ACCENT_COLOR_NAME = AccentColor;
				CODE_SIGN_STYLE = Automatic;
				CURRENT_PROJECT_VERSION = 1;
				DEVELOPMENT_TEAM = 99FHHVY5LH;
				GENERATE_INFOPLIST_FILE = YES;
				INFOPLIST_FILE = "Segues&Navs/Info.plist";
				INFOPLIST_KEY_UIApplicationSupportsIndirectInputEvents = YES;
				INFOPLIST_KEY_UILaunchStoryboardName = LaunchScreen;
				INFOPLIST_KEY_UIMainStoryboardFile = Main;
				INFOPLIST_KEY_UISupportedInterfaceOrientations_iPad = "UIInterfaceOrientationPortrait UIInterfaceOrientationPortraitUpsideDown UIInterfaceOrientationLandscapeLeft UIInterfaceOrientationLandscapeRight";
				INFOPLIST_KEY_UISupportedInterfaceOrientations_iPhone = "UIInterfaceOrientationPortrait UIInterfaceOrientationLandscapeLeft UIInterfaceOrientationLandscapeRight";
				LD_RUNPATH_SEARCH_PATHS = (
					"$(inherited)",
					"@executable_path/Frameworks",
				);
				MARKETING_VERSION = 1.0;
				PRODUCT_BUNDLE_IDENTIFIER = "co.kibetarusey.Segues-Navs";
				PRODUCT_NAME = "$(TARGET_NAME)";
				SWIFT_EMIT_LOC_STRINGS = YES;
				SWIFT_VERSION = 5.0;
				TARGETED_DEVICE_FAMILY = "1,2";
			};
			name = Debug;
		};
		4E6720CC270D76C00062428D /* Release */ = {
			isa = XCBuildConfiguration;
			buildSettings = {
				ASSETCATALOG_COMPILER_APPICON_NAME = AppIcon;
				ASSETCATALOG_COMPILER_GLOBAL_ACCENT_COLOR_NAME = AccentColor;
				CODE_SIGN_STYLE = Automatic;
				CURRENT_PROJECT_VERSION = 1;
				DEVELOPMENT_TEAM = 99FHHVY5LH;
				GENERATE_INFOPLIST_FILE = YES;
				INFOPLIST_FILE = "Segues&Navs/Info.plist";
				INFOPLIST_KEY_UIApplicationSupportsIndirectInputEvents = YES;
				INFOPLIST_KEY_UILaunchStoryboardName = LaunchScreen;
				INFOPLIST_KEY_UIMainStoryboardFile = Main;
				INFOPLIST_KEY_UISupportedInterfaceOrientations_iPad = "UIInterfaceOrientationPortrait UIInterfaceOrientationPortraitUpsideDown UIInterfaceOrientationLandscapeLeft UIInterfaceOrientationLandscapeRight";
				INFOPLIST_KEY_UISupportedInterfaceOrientations_iPhone = "UIInterfaceOrientationPortrait UIInterfaceOrientationLandscapeLeft UIInterfaceOrientationLandscapeRight";
				LD_RUNPATH_SEARCH_PATHS = (
					"$(inherited)",
					"@executable_path/Frameworks",
				);
				MARKETING_VERSION = 1.0;
				PRODUCT_BUNDLE_IDENTIFIER = "co.kibetarusey.Segues-Navs";
				PRODUCT_NAME = "$(TARGET_NAME)";
				SWIFT_EMIT_LOC_STRINGS = YES;
				SWIFT_VERSION = 5.0;
				TARGETED_DEVICE_FAMILY = "1,2";
			};
			name = Release;
		};
		4E6720CE270D76C00062428D /* Debug */ = {
			isa = XCBuildConfiguration;
			buildSettings = {
				ALWAYS_EMBED_SWIFT_STANDARD_LIBRARIES = YES;
				BUNDLE_LOADER = "$(TEST_HOST)";
				CODE_SIGN_STYLE = Automatic;
				CURRENT_PROJECT_VERSION = 1;
				DEVELOPMENT_TEAM = 99FHHVY5LH;
				GENERATE_INFOPLIST_FILE = YES;
				IPHONEOS_DEPLOYMENT_TARGET = 15.0;
				LD_RUNPATH_SEARCH_PATHS = (
					"$(inherited)",
					"@executable_path/Frameworks",
					"@loader_path/Frameworks",
				);
				MARKETING_VERSION = 1.0;
				PRODUCT_BUNDLE_IDENTIFIER = "co.kibetarusey.Segues-NavsTests";
				PRODUCT_NAME = "$(TARGET_NAME)";
				SWIFT_EMIT_LOC_STRINGS = NO;
				SWIFT_VERSION = 5.0;
				TARGETED_DEVICE_FAMILY = "1,2";
				TEST_HOST = "$(BUILT_PRODUCTS_DIR)/Segues&Navs.app/Segues&Navs";
			};
			name = Debug;
		};
		4E6720CF270D76C00062428D /* Release */ = {
			isa = XCBuildConfiguration;
			buildSettings = {
				ALWAYS_EMBED_SWIFT_STANDARD_LIBRARIES = YES;
				BUNDLE_LOADER = "$(TEST_HOST)";
				CODE_SIGN_STYLE = Automatic;
				CURRENT_PROJECT_VERSION = 1;
				DEVELOPMENT_TEAM = 99FHHVY5LH;
				GENERATE_INFOPLIST_FILE = YES;
				IPHONEOS_DEPLOYMENT_TARGET = 15.0;
				LD_RUNPATH_SEARCH_PATHS = (
					"$(inherited)",
					"@executable_path/Frameworks",
					"@loader_path/Frameworks",
				);
				MARKETING_VERSION = 1.0;
				PRODUCT_BUNDLE_IDENTIFIER = "co.kibetarusey.Segues-NavsTests";
				PRODUCT_NAME = "$(TARGET_NAME)";
				SWIFT_EMIT_LOC_STRINGS = NO;
				SWIFT_VERSION = 5.0;
				TARGETED_DEVICE_FAMILY = "1,2";
				TEST_HOST = "$(BUILT_PRODUCTS_DIR)/Segues&Navs.app/Segues&Navs";
			};
			name = Release;
		};
		4E6720D1270D76C00062428D /* Debug */ = {
			isa = XCBuildConfiguration;
			buildSettings = {
				ALWAYS_EMBED_SWIFT_STANDARD_LIBRARIES = YES;
				CODE_SIGN_STYLE = Automatic;
				CURRENT_PROJECT_VERSION = 1;
				DEVELOPMENT_TEAM = 99FHHVY5LH;
				GENERATE_INFOPLIST_FILE = YES;
				LD_RUNPATH_SEARCH_PATHS = (
					"$(inherited)",
					"@executable_path/Frameworks",
					"@loader_path/Frameworks",
				);
				MARKETING_VERSION = 1.0;
				PRODUCT_BUNDLE_IDENTIFIER = "co.kibetarusey.Segues-NavsUITests";
				PRODUCT_NAME = "$(TARGET_NAME)";
				SWIFT_EMIT_LOC_STRINGS = NO;
				SWIFT_VERSION = 5.0;
				TARGETED_DEVICE_FAMILY = "1,2";
				TEST_TARGET_NAME = "Segues&Navs";
			};
			name = Debug;
		};
		4E6720D2270D76C00062428D /* Release */ = {
			isa = XCBuildConfiguration;
			buildSettings = {
				ALWAYS_EMBED_SWIFT_STANDARD_LIBRARIES = YES;
				CODE_SIGN_STYLE = Automatic;
				CURRENT_PROJECT_VERSION = 1;
				DEVELOPMENT_TEAM = 99FHHVY5LH;
				GENERATE_INFOPLIST_FILE = YES;
				LD_RUNPATH_SEARCH_PATHS = (
					"$(inherited)",
					"@executable_path/Frameworks",
					"@loader_path/Frameworks",
				);
				MARKETING_VERSION = 1.0;
				PRODUCT_BUNDLE_IDENTIFIER = "co.kibetarusey.Segues-NavsUITests";
				PRODUCT_NAME = "$(TARGET_NAME)";
				SWIFT_EMIT_LOC_STRINGS = NO;
				SWIFT_VERSION = 5.0;
				TARGETED_DEVICE_FAMILY = "1,2";
				TEST_TARGET_NAME = "Segues&Navs";
			};
			name = Release;
		};
/* End XCBuildConfiguration section */

/* Begin XCConfigurationList section */
		4E67209B270D76BF0062428D /* Build configuration list for PBXProject "Segues&Navs" */ = {
			isa = XCConfigurationList;
			buildConfigurations = (
				4E6720C8270D76C00062428D /* Debug */,
				4E6720C9270D76C00062428D /* Release */,
			);
			defaultConfigurationIsVisible = 0;
			defaultConfigurationName = Release;
		};
		4E6720CA270D76C00062428D /* Build configuration list for PBXNativeTarget "Segues&Navs" */ = {
			isa = XCConfigurationList;
			buildConfigurations = (
				4E6720CB270D76C00062428D /* Debug */,
				4E6720CC270D76C00062428D /* Release */,
			);
			defaultConfigurationIsVisible = 0;
			defaultConfigurationName = Release;
		};
		4E6720CD270D76C00062428D /* Build configuration list for PBXNativeTarget "Segues&NavsTests" */ = {
			isa = XCConfigurationList;
			buildConfigurations = (
				4E6720CE270D76C00062428D /* Debug */,
				4E6720CF270D76C00062428D /* Release */,
			);
			defaultConfigurationIsVisible = 0;
			defaultConfigurationName = Release;
		};
		4E6720D0270D76C00062428D /* Build configuration list for PBXNativeTarget "Segues&NavsUITests" */ = {
			isa = XCConfigurationList;
			buildConfigurations = (
				4E6720D1270D76C00062428D /* Debug */,
				4E6720D2270D76C00062428D /* Release */,
			);
			defaultConfigurationIsVisible = 0;
			defaultConfigurationName = Release;
		};
/* End XCConfigurationList section */
	};
	rootObject = 4E672098270D76BF0062428D /* Project object */;
}
